
Microsoft Visual Studio Solution File, Format Version 12.00
# Visual Studio Version 17
VisualStudioVersion = 17.10.34916.146
MinimumVisualStudioVersion = 10.0.40219.1
Project("{FAE04EC0-301F-11D3-BF4B-00C04F79EFBC}") = "WpfApp1", "WpfApp1.csproj", "{0D774CBF-1A83-44B2-8D6F-E181B87D5708}"
EndProject
Global
	GlobalSection(SolutionConfigurationPlatforms) = preSolution
		Debug|Any CPU = Debug|Any CPU
		Release|Any CPU = Release|Any CPU
	EndGlobalSection
	GlobalSection(ProjectConfigurationPlatforms) = postSolution
		{0D774CBF-1A83-44B2-8D6F-E181B87D5708}.Debug|Any CPU.ActiveCfg = Debug|Any CPU
		{0D774CBF-1A83-44B2-8D6F-E181B87D5708}.Debug|Any CPU.Build.0 = Debug|Any CPU
		{0D774CBF-1A83-44B2-8D6F-E181B87D5708}.Release|Any CPU.ActiveCfg = Release|Any CPU
		{0D774CBF-1A83-44B2-8D6F-E181B87D5708}.Release|Any CPU.Build.0 = Release|Any CPU
	EndGlobalSection
	GlobalSection(SolutionProperties) = preSolution
		HideSolutionNode = FALSE
	EndGlobalSection
	GlobalSection(ExtensibilityGlobals) = postSolution
		SolutionGuid = {EA557995-CAD2-40B3-901C-5F031CED552D}
	EndGlobalSection
EndGlobal
